
Microsoft Visual Studio Solution File, Format Version 12.00
# Visual Studio Version 17
VisualStudioVersion = 17.3.32901.215
MinimumVisualStudioVersion = 10.0.40219.1
Project("{FAE04EC0-301F-11D3-BF4B-00C04F79EFBC}") = "Тренажер", "Тренажер\Тренажер.csproj", "{FBFDCECF-2429-4EF1-B814-B2C9CAD90A02}"
EndProject
Project("{54435603-DBB4-11D2-8724-00A0C9A8B90C}") = "Setup", "..\Setup\Setup.vdproj", "{F33A8ADB-7ADC-41B7-B147-99EDDBD23D07}"
EndProject
Global
	GlobalSection(SolutionConfigurationPlatforms) = preSolution
		Debug|Any CPU = Debug|Any CPU
		Release|Any CPU = Release|Any CPU
	EndGlobalSection
	GlobalSection(ProjectConfigurationPlatforms) = postSolution
		{FBFDCECF-2429-4EF1-B814-B2C9CAD90A02}.Debug|Any CPU.ActiveCfg = Debug|Any CPU
		{FBFDCECF-2429-4EF1-B814-B2C9CAD90A02}.Debug|Any CPU.Build.0 = Debug|Any CPU
		{FBFDCECF-2429-4EF1-B814-B2C9CAD90A02}.Release|Any CPU.ActiveCfg = Release|Any CPU
		{FBFDCECF-2429-4EF1-B814-B2C9CAD90A02}.Release|Any CPU.Build.0 = Release|Any CPU
		{F33A8ADB-7ADC-41B7-B147-99EDDBD23D07}.Debug|Any CPU.ActiveCfg = Debug
		{F33A8ADB-7ADC-41B7-B147-99EDDBD23D07}.Release|Any CPU.ActiveCfg = Release
	EndGlobalSection
	GlobalSection(SolutionProperties) = preSolution
		HideSolutionNode = FALSE
	EndGlobalSection
	GlobalSection(ExtensibilityGlobals) = postSolution
		SolutionGuid = {D859197D-FE79-4969-A163-A38E3BE53D35}
	EndGlobalSection
EndGlobal
